
Microsoft Visual Studio Solution File, Format Version 12.00
# Visual Studio Version 16
VisualStudioVersion = 16.0.29306.81
MinimumVisualStudioVersion = 10.0.40219.1
Project("{9A19103F-16F7-4668-BE54-9A1E7A4F7556}") = "veicoliDLLProject", "veicoliDLL\veicoliDLLProject.csproj", "{17E8D269-CEE4-45B4-8A4B-F39ED97B8D72}"
EndProject
Project("{FAE04EC0-301F-11D3-BF4B-00C04F79EFBC}") = "WindowsFormsAppProject", "WindowsFormsAppProject\WindowsFormsAppProject.csproj", "{ACCAE2C5-5F77-49C2-B4F8-4325D2B88D9C}"
EndProject
Project("{FAE04EC0-301F-11D3-BF4B-00C04F79EFBC}") = "SwitchTextBox", "SwitchTextBox\SwitchTextBox.csproj", "{0A20B395-5AA8-46CE-B809-DE1F6D2BA24A}"
EndProject
Project("{FAE04EC0-301F-11D3-BF4B-00C04F79EFBC}") = "SwitchLabel", "SwitchLabel\SwitchLabel.csproj", "{64651B7F-E0BD-4305-9F8A-1D4ACE55BFF6}"
EndProject
Project("{FAE04EC0-301F-11D3-BF4B-00C04F79EFBC}") = "DatabaseInstruction", "DatabaseInstruction\DatabaseInstruction.csproj", "{65C8CCB0-23D4-4E40-8EAF-4E0ED699F37C}"
EndProject
Project("{FAE04EC0-301F-11D3-BF4B-00C04F79EFBC}") = "CLI_Database", "CLI_Database\CLI_Database.csproj", "{C9E721AB-DD6E-4C08-934C-2C16557746AD}"
EndProject
Global
	GlobalSection(SolutionConfigurationPlatforms) = preSolution
		Debug|Any CPU = Debug|Any CPU
		Release|Any CPU = Release|Any CPU
	EndGlobalSection
	GlobalSection(ProjectConfigurationPlatforms) = postSolution
		{17E8D269-CEE4-45B4-8A4B-F39ED97B8D72}.Debug|Any CPU.ActiveCfg = Debug|Any CPU
		{17E8D269-CEE4-45B4-8A4B-F39ED97B8D72}.Debug|Any CPU.Build.0 = Debug|Any CPU
		{17E8D269-CEE4-45B4-8A4B-F39ED97B8D72}.Release|Any CPU.ActiveCfg = Release|Any CPU
		{17E8D269-CEE4-45B4-8A4B-F39ED97B8D72}.Release|Any CPU.Build.0 = Release|Any CPU
		{ACCAE2C5-5F77-49C2-B4F8-4325D2B88D9C}.Debug|Any CPU.ActiveCfg = Debug|Any CPU
		{ACCAE2C5-5F77-49C2-B4F8-4325D2B88D9C}.Debug|Any CPU.Build.0 = Debug|Any CPU
		{ACCAE2C5-5F77-49C2-B4F8-4325D2B88D9C}.Release|Any CPU.ActiveCfg = Release|Any CPU
		{ACCAE2C5-5F77-49C2-B4F8-4325D2B88D9C}.Release|Any CPU.Build.0 = Release|Any CPU
		{0A20B395-5AA8-46CE-B809-DE1F6D2BA24A}.Debug|Any CPU.ActiveCfg = Debug|Any CPU
		{0A20B395-5AA8-46CE-B809-DE1F6D2BA24A}.Debug|Any CPU.Build.0 = Debug|Any CPU
		{0A20B395-5AA8-46CE-B809-DE1F6D2BA24A}.Release|Any CPU.ActiveCfg = Release|Any CPU
		{0A20B395-5AA8-46CE-B809-DE1F6D2BA24A}.Release|Any CPU.Build.0 = Release|Any CPU
		{64651B7F-E0BD-4305-9F8A-1D4ACE55BFF6}.Debug|Any CPU.ActiveCfg = Debug|Any CPU
		{64651B7F-E0BD-4305-9F8A-1D4ACE55BFF6}.Debug|Any CPU.Build.0 = Debug|Any CPU
		{64651B7F-E0BD-4305-9F8A-1D4ACE55BFF6}.Release|Any CPU.ActiveCfg = Release|Any CPU
		{64651B7F-E0BD-4305-9F8A-1D4ACE55BFF6}.Release|Any CPU.Build.0 = Release|Any CPU
		{65C8CCB0-23D4-4E40-8EAF-4E0ED699F37C}.Debug|Any CPU.ActiveCfg = Debug|Any CPU
		{65C8CCB0-23D4-4E40-8EAF-4E0ED699F37C}.Debug|Any CPU.Build.0 = Debug|Any CPU
		{65C8CCB0-23D4-4E40-8EAF-4E0ED699F37C}.Release|Any CPU.ActiveCfg = Release|Any CPU
		{65C8CCB0-23D4-4E40-8EAF-4E0ED699F37C}.Release|Any CPU.Build.0 = Release|Any CPU
		{C9E721AB-DD6E-4C08-934C-2C16557746AD}.Debug|Any CPU.ActiveCfg = Debug|Any CPU
		{C9E721AB-DD6E-4C08-934C-2C16557746AD}.Debug|Any CPU.Build.0 = Debug|Any CPU
		{C9E721AB-DD6E-4C08-934C-2C16557746AD}.Release|Any CPU.ActiveCfg = Release|Any CPU
		{C9E721AB-DD6E-4C08-934C-2C16557746AD}.Release|Any CPU.Build.0 = Release|Any CPU
	EndGlobalSection
	GlobalSection(SolutionProperties) = preSolution
		HideSolutionNode = FALSE
	EndGlobalSection
	GlobalSection(ExtensibilityGlobals) = postSolution
		SolutionGuid = {F56EA178-08C0-4A83-90D9-D28BF807FC35}
	EndGlobalSection
EndGlobal
